// !$*UTF8*$!
{
	archiveVersion = 1;
	classes = {
	};
	objectVersion = 50;
	objects = {

/* Begin PBXBuildFile section */
		F288E95C2717DB38000796FD /* AppDelegate.m in Sources */ = {isa = PBXBuildFile; fileRef = F288E95B2717DB38000796FD /* AppDelegate.m */; };
		F288E95F2717DB38000796FD /* SceneDelegate.m in Sources */ = {isa = PBXBuildFile; fileRef = F288E95E2717DB38000796FD /* SceneDelegate.m */; };
		F288E9622717DB38000796FD /* ViewController.m in Sources */ = {isa = PBXBuildFile; fileRef = F288E9612717DB38000796FD /* ViewController.m */; };
		F288E9652717DB38000796FD /* Main.storyboard in Resources */ = {isa = PBXBuildFile; fileRef = F288E9632717DB38000796FD /* Main.storyboard */; };
		F288E9672717DB3A000796FD /* Assets.xcassets in Resources */ = {isa = PBXBuildFile; fileRef = F288E9662717DB3A000796FD /* Assets.xcassets */; };
		F288E96A2717DB3A000796FD /* LaunchScreen.storyboard in Resources */ = {isa = PBXBuildFile; fileRef = F288E9682717DB3A000796FD /* LaunchScreen.storyboard */; };
		F288E96D2717DB3A000796FD /* main.m in Sources */ = {isa = PBXBuildFile; fileRef = F288E96C2717DB3A000796FD /* main.m */; };
		F288E9752717DBA6000796FD /* iconfont_syline.ttf in Resources */ = {isa = PBXBuildFile; fileRef = F288E9742717DBA6000796FD /* iconfont_syline.ttf */; };
		F288E9792717DDE7000796FD /* GMFGradientLabel.m in Sources */ = {isa = PBXBuildFile; fileRef = F288E9772717DDE7000796FD /* GMFGradientLabel.m */; };
/* End PBXBuildFile section */

/* Begin PBXFileReference section */
		F288E9572717DB38000796FD /* IconFontDemo.app */ = {isa = PBXFileReference; explicitFileType = wrapper.application; includeInIndex = 0; path = IconFontDemo.app; sourceTree = BUILT_PRODUCTS_DIR; };
		F288E95A2717DB38000796FD /* AppDelegate.h */ = {isa = PBXFileReference; lastKnownFileType = sourcecode.c.h; path = AppDelegate.h; sourceTree = "<group>"; };
		F288E95B2717DB38000796FD /* AppDelegate.m */ = {isa = PBXFileReference; lastKnownFileType = sourcecode.c.objc; path = AppDelegate.m; sourceTree = "<group>"; };
		F288E95D2717DB38000796FD /* SceneDelegate.h */ = {isa = PBXFileReference; lastKnownFileType = sourcecode.c.h; path = SceneDelegate.h; sourceTree = "<group>"; };
		F288E95E2717DB38000796FD /* SceneDelegate.m */ = {isa = PBXFileReference; lastKnownFileType = sourcecode.c.objc; path = SceneDelegate.m; sourceTree = "<group>"; };
		F288E9602717DB38000796FD /* ViewController.h */ = {isa = PBXFileReference; lastKnownFileType = sourcecode.c.h; path = ViewController.h; sourceTree = "<group>"; };
		F288E9612717DB38000796FD /* ViewController.m */ = {isa = PBXFileReference; lastKnownFileType = sourcecode.c.objc; path = ViewController.m; sourceTree = "<group>"; };
		F288E9642717DB38000796FD /* Base */ = {isa = PBXFileReference; lastKnownFileType = file.storyboard; name = Base; path = Base.lproj/Main.storyboard; sourceTree = "<group>"; };
		F288E9662717DB3A000796FD /* Assets.xcassets */ = {isa = PBXFileReference; lastKnownFileType = folder.assetcatalog; path = Assets.xcassets; sourceTree = "<group>"; };
		F288E9692717DB3A000796FD /* Base */ = {isa = PBXFileReference; lastKnownFileType = file.storyboard; name = Base; path = Base.lproj/LaunchScreen.storyboard; sourceTree = "<group>"; };
		F288E96B2717DB3A000796FD /* Info.plist */ = {isa = PBXFileReference; lastKnownFileType = text.plist.xml; path = Info.plist; sourceTree = "<group>"; };
		F288E96C2717DB3A000796FD /* main.m */ = {isa = PBXFileReference; lastKnownFileType = sourcecode.c.objc; path = main.m; sourceTree = "<group>"; };
		F288E9742717DBA6000796FD /* iconfont_syline.ttf */ = {isa = PBXFileReference; lastKnownFileType = file; name = iconfont_syline.ttf; path = "iconfont_此文件夹是UI制作好之后从网站下载下来的/iconfont_syline.ttf"; sourceTree = "<group>"; };
		F288E9772717DDE7000796FD /* GMFGradientLabel.m */ = {isa = PBXFileReference; fileEncoding = 4; lastKnownFileType = sourcecode.c.objc; path = GMFGradientLabel.m; sourceTree = "<group>"; };
		F288E9782717DDE7000796FD /* GMFGradientLabel.h */ = {isa = PBXFileReference; fileEncoding = 4; lastKnownFileType = sourcecode.c.h; path = GMFGradientLabel.h; sourceTree = "<group>"; };
/* End PBXFileReference section */

/* Begin PBXFrameworksBuildPhase section */
		F288E9542717DB38000796FD /* Frameworks */ = {
			isa = PBXFrameworksBuildPhase;
			buildActionMask = 2147483647;
			files = (
			);
			runOnlyForDeploymentPostprocessing = 0;
		};
/* End PBXFrameworksBuildPhase section */

/* Begin PBXGroup section */
		F288E94E2717DB38000796FD = {
			isa = PBXGroup;
			children = (
				F288E9592717DB38000796FD /* IconFontDemo */,
				F288E9582717DB38000796FD /* Products */,
			);
			sourceTree = "<group>";
		};
		F288E9582717DB38000796FD /* Products */ = {
			isa = PBXGroup;
			children = (
				F288E9572717DB38000796FD /* IconFontDemo.app */,
			);
			name = Products;
			sourceTree = "<group>";
		};
		F288E9592717DB38000796FD /* IconFontDemo */ = {
			isa = PBXGroup;
			children = (
				F288E95A2717DB38000796FD /* AppDelegate.h */,
				F288E95B2717DB38000796FD /* AppDelegate.m */,
				F288E95D2717DB38000796FD /* SceneDelegate.h */,
				F288E95E2717DB38000796FD /* SceneDelegate.m */,
				F288E9602717DB38000796FD /* ViewController.h */,
				F288E9612717DB38000796FD /* ViewController.m */,
				F288E9782717DDE7000796FD /* GMFGradientLabel.h */,
				F288E9772717DDE7000796FD /* GMFGradientLabel.m */,
				F288E9742717DBA6000796FD /* iconfont_syline.ttf */,
				F288E9632717DB38000796FD /* Main.storyboard */,
				F288E9662717DB3A000796FD /* Assets.xcassets */,
				F288E9682717DB3A000796FD /* LaunchScreen.storyboard */,
				F288E96B2717DB3A000796FD /* Info.plist */,
				F288E96C2717DB3A000796FD /* main.m */,
			);
			path = IconFontDemo;
			sourceTree = "<group>";
		};
/* End PBXGroup section */

/* Begin PBXNativeTarget section */
		F288E9562717DB38000796FD /* IconFontDemo */ = {
			isa = PBXNativeTarget;
			buildConfigurationList = F288E9702717DB3A000796FD /* Build configuration list for PBXNativeTarget "IconFontDemo" */;
			buildPhases = (
				F288E9532717DB38000796FD /* Sources */,
				F288E9542717DB38000796FD /* Frameworks */,
				F288E9552717DB38000796FD /* Resources */,
			);
			buildRules = (
			);
			dependencies = (
			);
			name = IconFontDemo;
			productName = IconFontDemo;
			productReference = F288E9572717DB38000796FD /* IconFontDemo.app */;
			productType = "com.apple.product-type.application";
		};
/* End PBXNativeTarget section */

/* Begin PBXProject section */
		F288E94F2717DB38000796FD /* Project object */ = {
			isa = PBXProject;
			attributes = {
				LastUpgradeCheck = 1220;
				TargetAttributes = {
					F288E9562717DB38000796FD = {
						CreatedOnToolsVersion = 12.2;
					};
				};
			};
			buildConfigurationList = F288E9522717DB38000796FD /* Build configuration list for PBXProject "IconFontDemo" */;
			compatibilityVersion = "Xcode 9.3";
			developmentRegion = en;
			hasScannedForEncodings = 0;
			knownRegions = (
				en,
				Base,
			);
			mainGroup = F288E94E2717DB38000796FD;
			productRefGroup = F288E9582717DB38000796FD /* Products */;
			projectDirPath = "";
			projectRoot = "";
			targets = (
				F288E9562717DB38000796FD /* IconFontDemo */,
			);
		};
/* End PBXProject section */

/* Begin PBXResourcesBuildPhase section */
		F288E9552717DB38000796FD /* Resources */ = {
			isa = PBXResourcesBuildPhase;
			buildActionMask = 2147483647;
			files = (
				F288E96A2717DB3A000796FD /* LaunchScreen.storyboard in Resources */,
				F288E9672717DB3A000796FD /* Assets.xcassets in Resources */,
				F288E9752717DBA6000796FD /* iconfont_syline.ttf in Resources */,
				F288E9652717DB38000796FD /* Main.storyboard in Resources */,
			);
			runOnlyForDeploymentPostprocessing = 0;
		};
/* End PBXResourcesBuildPhase section */

/* Begin PBXSourcesBuildPhase section */
		F288E9532717DB38000796FD /* Sources */ = {
			isa = PBXSourcesBuildPhase;
			buildActionMask = 2147483647;
			files = (
				F288E9622717DB38000796FD /* ViewController.m in Sources */,
				F288E95C2717DB38000796FD /* AppDelegate.m in Sources */,
				F288E9792717DDE7000796FD /* GMFGradientLabel.m in Sources */,
				F288E96D2717DB3A000796FD /* main.m in Sources */,
				F288E95F2717DB38000796FD /* SceneDelegate.m in Sources */,
			);
			runOnlyForDeploymentPostprocessing = 0;
		};
/* End PBXSourcesBuildPhase section */

/* Begin PBXVariantGroup section */
		F288E9632717DB38000796FD /* Main.storyboard */ = {
			isa = PBXVariantGroup;
			children = (
				F288E9642717DB38000796FD /* Base */,
			);
			name = Main.storyboard;
			sourceTree = "<group>";
		};
		F288E9682717DB3A000796FD /* LaunchScreen.storyboard */ = {
			isa = PBXVariantGroup;
			children = (
				F288E9692717DB3A000796FD /* Base */,
			);
			name = LaunchScreen.storyboard;
			sourceTree = "<group>";
		};
/* End PBXVariantGroup section */

/* Begin XCBuildConfiguration section */
		F288E96E2717DB3A000796FD /* Debug */ = {
			isa = XCBuildConfiguration;
			buildSettings = {
				ALWAYS_SEARCH_USER_PATHS = NO;
				CLANG_ANALYZER_NONNULL = YES;
				CLANG_ANALYZER_NUMBER_OBJECT_CONVERSION = YES_AGGRESSIVE;
				CLANG_CXX_LANGUAGE_STANDARD = "gnu++14";
				CLANG_CXX_LIBRARY = "libc++";
				CLANG_ENABLE_MODULES = YES;
				CLANG_ENABLE_OBJC_ARC = YES;
				CLANG_ENABLE_OBJC_WEAK = YES;
				CLANG_WARN_BLOCK_CAPTURE_AUTORELEASING = YES;
				CLANG_WARN_BOOL_CONVERSION = YES;
				CLANG_WARN_COMMA = YES;
				CLANG_WARN_CONSTANT_CONVERSION = YES;
				CLANG_WARN_DEPRECATED_OBJC_IMPLEMENTATIONS = YES;
				CLANG_WARN_DIRECT_OBJC_ISA_USAGE = YES_ERROR;
				CLANG_WARN_DOCUMENTATION_COMMENTS = YES;
				CLANG_WARN_EMPTY_BODY = YES;
				CLANG_WARN_ENUM_CONVERSION = YES;
				CLANG_WARN_INFINITE_RECURSION = YES;
				CLANG_WARN_INT_CONVERSION = YES;
				CLANG_WARN_NON_LITERAL_NULL_CONVERSION = YES;
				CLANG_WARN_OBJC_IMPLICIT_RETAIN_SELF = YES;
				CLANG_WARN_OBJC_LITERAL_CONVERSION = YES;
				CLANG_WARN_OBJC_ROOT_CLASS = YES_ERROR;
				CLANG_WARN_QUOTED_INCLUDE_IN_FRAMEWORK_HEADER = YES;
				CLANG_WARN_RANGE_LOOP_ANALYSIS = YES;
				CLANG_WARN_STRICT_PROTOTYPES = YES;
				CLANG_WARN_SUSPICIOUS_MOVE = YES;
				CLANG_WARN_UNGUARDED_AVAILABILITY = YES_AGGRESSIVE;
				CLANG_WARN_UNREACHABLE_CODE = YES;
				CLANG_WARN__DUPLICATE_METHOD_MATCH = YES;
				COPY_PHASE_STRIP = NO;
				DEBUG_INFORMATION_FORMAT = dwarf;
				ENABLE_STRICT_OBJC_MSGSEND = YES;
				ENABLE_TESTABILITY = YES;
				GCC_C_LANGUAGE_STANDARD = gnu11;
				GCC_DYNAMIC_NO_PIC = NO;
				GCC_NO_COMMON_BLOCKS = YES;
				GCC_OPTIMIZATION_LEVEL = 0;
				GCC_PREPROCESSOR_DEFINITIONS = (
					"DEBUG=1",
					"$(inherited)",
				);
				GCC_WARN_64_TO_32_BIT_CONVERSION = YES;
				GCC_WARN_ABOUT_RETURN_TYPE = YES_ERROR;
				GCC_WARN_UNDECLARED_SELECTOR = YES;
				GCC_WARN_UNINITIALIZED_AUTOS = YES_AGGRESSIVE;
				GCC_WARN_UNUSED_FUNCTION = YES;
				GCC_WARN_UNUSED_VARIABLE = YES;
				IPHONEOS_DEPLOYMENT_TARGET = 14.2;
				MTL_ENABLE_DEBUG_INFO = INCLUDE_SOURCE;
				MTL_FAST_MATH = YES;
				ONLY_ACTIVE_ARCH = YES;
				SDKROOT = iphoneos;
			};
			name = Debug;
		};
		F288E96F2717DB3A000796FD /* Release */ = {
			isa = XCBuildConfiguration;
			buildSettings = {
				ALWAYS_SEARCH_USER_PATHS = NO;
				CLANG_ANALYZER_NONNULL = YES;
				CLANG_ANALYZER_NUMBER_OBJECT_CONVERSION = YES_AGGRESSIVE;
				CLANG_CXX_LANGUAGE_STANDARD = "gnu++14";
				CLANG_CXX_LIBRARY = "libc++";
				CLANG_ENABLE_MODULES = YES;
				CLANG_ENABLE_OBJC_ARC = YES;
				CLANG_ENABLE_OBJC_WEAK = YES;
				CLANG_WARN_BLOCK_CAPTURE_AUTORELEASING = YES;
				CLANG_WARN_BOOL_CONVERSION = YES;
				CLANG_WARN_COMMA = YES;
				CLANG_WARN_CONSTANT_CONVERSION = YES;
				CLANG_WARN_DEPRECATED_OBJC_IMPLEMENTATIONS = YES;
				CLANG_WARN_DIRECT_OBJC_ISA_USAGE = YES_ERROR;
				CLANG_WARN_DOCUMENTATION_COMMENTS = YES;
				CLANG_WARN_EMPTY_BODY = YES;
				CLANG_WARN_ENUM_CONVERSION = YES;
				CLANG_WARN_INFINITE_RECURSION = YES;
				CLANG_WARN_INT_CONVERSION = YES;
				CLANG_WARN_NON_LITERAL_NULL_CONVERSION = YES;
				CLANG_WARN_OBJC_IMPLICIT_RETAIN_SELF = YES;
				CLANG_WARN_OBJC_LITERAL_CONVERSION = YES;
				CLANG_WARN_OBJC_ROOT_CLASS = YES_ERROR;
				CLANG_WARN_QUOTED_INCLUDE_IN_FRAMEWORK_HEADER = YES;
				CLANG_WARN_RANGE_LOOP_ANALYSIS = YES;
				CLANG_WARN_STRICT_PROTOTYPES = YES;
				CLANG_WARN_SUSPICIOUS_MOVE = YES;
				CLANG_WARN_UNGUARDED_AVAILABILITY = YES_AGGRESSIVE;
				CLANG_WARN_UNREACHABLE_CODE = YES;
				CLANG_WARN__DUPLICATE_METHOD_MATCH = YES;
				COPY_PHASE_STRIP = NO;
				DEBUG_INFORMATION_FORMAT = "dwarf-with-dsym";
				ENABLE_NS_ASSERTIONS = NO;
				ENABLE_STRICT_OBJC_MSGSEND = YES;
				GCC_C_LANGUAGE_STANDARD = gnu11;
				GCC_NO_COMMON_BLOCKS = YES;
				GCC_WARN_64_TO_32_BIT_CONVERSION = YES;
				GCC_WARN_ABOUT_RETURN_TYPE = YES_ERROR;
				GCC_WARN_UNDECLARED_SELECTOR = YES;
				GCC_WARN_UNINITIALIZED_AUTOS = YES_AGGRESSIVE;
				GCC_WARN_UNUSED_FUNCTION = YES;
				GCC_WARN_UNUSED_VARIABLE = YES;
				IPHONEOS_DEPLOYMENT_TARGET = 14.2;
				MTL_ENABLE_DEBUG_INFO = NO;
				MTL_FAST_MATH = YES;
				SDKROOT = iphoneos;
				VALIDATE_PRODUCT = YES;
			};
			name = Release;
		};
		F288E9712717DB3A000796FD /* Debug */ = {
			isa = XCBuildConfiguration;
			buildSettings = {
				ASSETCATALOG_COMPILER_APPICON_NAME = AppIcon;
				ASSETCATALOG_COMPILER_GLOBAL_ACCENT_COLOR_NAME = AccentColor;
				CODE_SIGN_STYLE = Automatic;
				INFOPLIST_FILE = IconFontDemo/Info.plist;
				LD_RUNPATH_SEARCH_PATHS = (
					"$(inherited)",
					"@executable_path/Frameworks",
				);
				PRODUCT_BUNDLE_IDENTIFIER = com.ADDemo.IconFontDemo;
				PRODUCT_NAME = "$(TARGET_NAME)";
				TARGETED_DEVICE_FAMILY = "1,2";
			};
			name = Debug;
		};
		F288E9722717DB3A000796FD /* Release */ = {
			isa = XCBuildConfiguration;
			buildSettings = {
				ASSETCATALOG_COMPILER_APPICON_NAME = AppIcon;
				ASSETCATALOG_COMPILER_GLOBAL_ACCENT_COLOR_NAME = AccentColor;
				CODE_SIGN_STYLE = Automatic;
				INFOPLIST_FILE = IconFontDemo/Info.plist;
				LD_RUNPATH_SEARCH_PATHS = (
					"$(inherited)",
					"@executable_path/Frameworks",
				);
				PRODUCT_BUNDLE_IDENTIFIER = com.ADDemo.IconFontDemo;
				PRODUCT_NAME = "$(TARGET_NAME)";
				TARGETED_DEVICE_FAMILY = "1,2";
			};
			name = Release;
		};
/* End XCBuildConfiguration section */

/* Begin XCConfigurationList section */
		F288E9522717DB38000796FD /* Build configuration list for PBXProject "IconFontDemo" */ = {
			isa = XCConfigurationList;
			buildConfigurations = (
				F288E96E2717DB3A000796FD /* Debug */,
				F288E96F2717DB3A000796FD /* Release */,
			);
			defaultConfigurationIsVisible = 0;
			defaultConfigurationName = Release;
		};
		F288E9702717DB3A000796FD /* Build configuration list for PBXNativeTarget "IconFontDemo" */ = {
			isa = XCConfigurationList;
			buildConfigurations = (
				F288E9712717DB3A000796FD /* Debug */,
				F288E9722717DB3A000796FD /* Release */,
			);
			defaultConfigurationIsVisible = 0;
			defaultConfigurationName = Release;
		};
/* End XCConfigurationList section */
	};
	rootObject = F288E94F2717DB38000796FD /* Project object */;
}
